
Microsoft Visual Studio Solution File, Format Version 12.00
# Visual Studio Version 17
VisualStudioVersion = 17.5.002.0
MinimumVisualStudioVersion = 10.0.40219.1
Project("{9A19103F-16F7-4668-BE54-9A1E7A4F7556}") = "httprequest", "httprequest.csproj", "{51E39BC3-39B7-43EA-B65C-133734198878}"
EndProject
Global
	GlobalSection(SolutionConfigurationPlatforms) = preSolution
		Debug|Any CPU = Debug|Any CPU
		Release|Any CPU = Release|Any CPU
	EndGlobalSection
	GlobalSection(ProjectConfigurationPlatforms) = postSolution
		{51E39BC3-39B7-43EA-B65C-133734198878}.Debug|Any CPU.ActiveCfg = Debug|Any CPU
		{51E39BC3-39B7-43EA-B65C-133734198878}.Debug|Any CPU.Build.0 = Debug|Any CPU
		{51E39BC3-39B7-43EA-B65C-133734198878}.Release|Any CPU.ActiveCfg = Release|Any CPU
		{51E39BC3-39B7-43EA-B65C-133734198878}.Release|Any CPU.Build.0 = Release|Any CPU
	EndGlobalSection
	GlobalSection(SolutionProperties) = preSolution
		HideSolutionNode = FALSE
	EndGlobalSection
	GlobalSection(ExtensibilityGlobals) = postSolution
		SolutionGuid = {E8A6F375-AC6C-4186-B105-80036CD19B55}
	EndGlobalSection
EndGlobal
